
Microsoft Visual Studio Solution File, Format Version 12.00
# Visual Studio Version 17
VisualStudioVersion = 17.3.32901.215
MinimumVisualStudioVersion = 10.0.40219.1
Project("{FAE04EC0-301F-11D3-BF4B-00C04F79EFBC}") = "StranglerFigDemo", "StranglerFigDemo.csproj", "{40816717-A50C-497E-BCD8-09D063E809B2}"
EndProject
Project("{FAE04EC0-301F-11D3-BF4B-00C04F79EFBC}") = "StranglerFigDemoCore", "StranglerFigDemoCore\StranglerFigDemoCore.csproj", "{1358E506-F2A6-4BF2-A1E0-3DB8D48B7F65}"
EndProject
Global
	GlobalSection(SolutionConfigurationPlatforms) = preSolution
		Debug|Any CPU = Debug|Any CPU
		Release|Any CPU = Release|Any CPU
	EndGlobalSection
	GlobalSection(ProjectConfigurationPlatforms) = postSolution
		{40816717-A50C-497E-BCD8-09D063E809B2}.Debug|Any CPU.ActiveCfg = Debug|Any CPU
		{40816717-A50C-497E-BCD8-09D063E809B2}.Debug|Any CPU.Build.0 = Debug|Any CPU
		{40816717-A50C-497E-BCD8-09D063E809B2}.Release|Any CPU.ActiveCfg = Release|Any CPU
		{40816717-A50C-497E-BCD8-09D063E809B2}.Release|Any CPU.Build.0 = Release|Any CPU
		{1358E506-F2A6-4BF2-A1E0-3DB8D48B7F65}.Debug|Any CPU.ActiveCfg = Debug|Any CPU
		{1358E506-F2A6-4BF2-A1E0-3DB8D48B7F65}.Debug|Any CPU.Build.0 = Debug|Any CPU
		{1358E506-F2A6-4BF2-A1E0-3DB8D48B7F65}.Release|Any CPU.ActiveCfg = Release|Any CPU
		{1358E506-F2A6-4BF2-A1E0-3DB8D48B7F65}.Release|Any CPU.Build.0 = Release|Any CPU
	EndGlobalSection
	GlobalSection(SolutionProperties) = preSolution
		HideSolutionNode = FALSE
	EndGlobalSection
	GlobalSection(ExtensibilityGlobals) = postSolution
		SolutionGuid = {BAD48E8F-29C5-40A9-9617-D77772816694}
	EndGlobalSection
EndGlobal
